
Microsoft Visual Studio Solution File, Format Version 12.00
Project("{FAE04EC0-301F-11D3-BF4B-00C04F79EFBC}") = "TP.Api", "TP.Api\TP.Api.csproj", "{9BB11E9F-F968-45A9-ADB4-B92EEC74D598}"
EndProject
Project("{2150E333-8FDC-42A3-9474-1A3956D46DE8}") = "Api", "Api", "{57050CA5-53CA-4264-99F7-5AD39365B265}"
EndProject
Project("{FAE04EC0-301F-11D3-BF4B-00C04F79EFBC}") = "TP.Database", "TP.Database\TP.Database.csproj", "{93D5EBDB-BAE0-4933-B95F-34010D5F7468}"
EndProject
Project("{FAE04EC0-301F-11D3-BF4B-00C04F79EFBC}") = "TP.Domain", "TP.Domain\TP.Domain.csproj", "{52B0FBA8-3EFD-4FF1-A1B4-899CEFE711DA}"
EndProject
Project("{FAE04EC0-301F-11D3-BF4B-00C04F79EFBC}") = "TP.DataAccess", "TP.DataAccess\TP.DataAccess.csproj", "{7E334EB3-BD7D-4B39-9CD8-C82036F26C23}"
EndProject
Project("{2150E333-8FDC-42A3-9474-1A3956D46DE8}") = "Data", "Data", "{67B8B1D4-743B-43BA-9A41-2B7DE9DAF674}"
EndProject
Project("{FAE04EC0-301F-11D3-BF4B-00C04F79EFBC}") = "TP.Service.Tour", "TP.Service.Tour\TP.Service.Tour.csproj", "{D6D86563-2E5E-4FF7-BC98-108E2F183D12}"
EndProject
Project("{2150E333-8FDC-42A3-9474-1A3956D46DE8}") = "Domain", "Domain", "{A8734C48-B22D-4C31-BCE1-E7C2A5BDD381}"
EndProject
Project("{2150E333-8FDC-42A3-9474-1A3956D46DE8}") = "Tour", "Tour", "{A8C90D0E-4C3F-467B-9A2A-0846C17BDF33}"
EndProject
Project("{2150E333-8FDC-42A3-9474-1A3956D46DE8}") = "Utils", "Utils", "{5EAAB207-3B7E-4469-A58D-9543D165E516}"
EndProject
Project("{FAE04EC0-301F-11D3-BF4B-00C04F79EFBC}") = "TP.Utils", "TP.Utils\TP.Utils.csproj", "{F48472F4-1684-4AE0-BEE4-651CB09A8A44}"
EndProject
Project("{2150E333-8FDC-42A3-9474-1A3956D46DE8}") = "TourLog", "TourLog", "{FC4A361E-FACD-483A-B5C3-4F7E043F12E8}"
EndProject
Project("{FAE04EC0-301F-11D3-BF4B-00C04F79EFBC}") = "TP.Service.TourLog", "TP.Service.TourLog\TP.Service.TourLog.csproj", "{1982370D-1516-4EBC-B1E2-55CF6D1B6F93}"
EndProject
Global
	GlobalSection(SolutionConfigurationPlatforms) = preSolution
		Debug|Any CPU = Debug|Any CPU
		Release|Any CPU = Release|Any CPU
	EndGlobalSection
	GlobalSection(ProjectConfigurationPlatforms) = postSolution
		{9BB11E9F-F968-45A9-ADB4-B92EEC74D598}.Debug|Any CPU.ActiveCfg = Debug|Any CPU
		{9BB11E9F-F968-45A9-ADB4-B92EEC74D598}.Debug|Any CPU.Build.0 = Debug|Any CPU
		{9BB11E9F-F968-45A9-ADB4-B92EEC74D598}.Release|Any CPU.ActiveCfg = Release|Any CPU
		{9BB11E9F-F968-45A9-ADB4-B92EEC74D598}.Release|Any CPU.Build.0 = Release|Any CPU
		{93D5EBDB-BAE0-4933-B95F-34010D5F7468}.Debug|Any CPU.ActiveCfg = Debug|Any CPU
		{93D5EBDB-BAE0-4933-B95F-34010D5F7468}.Debug|Any CPU.Build.0 = Debug|Any CPU
		{93D5EBDB-BAE0-4933-B95F-34010D5F7468}.Release|Any CPU.ActiveCfg = Release|Any CPU
		{93D5EBDB-BAE0-4933-B95F-34010D5F7468}.Release|Any CPU.Build.0 = Release|Any CPU
		{52B0FBA8-3EFD-4FF1-A1B4-899CEFE711DA}.Debug|Any CPU.ActiveCfg = Debug|Any CPU
		{52B0FBA8-3EFD-4FF1-A1B4-899CEFE711DA}.Debug|Any CPU.Build.0 = Debug|Any CPU
		{52B0FBA8-3EFD-4FF1-A1B4-899CEFE711DA}.Release|Any CPU.ActiveCfg = Release|Any CPU
		{52B0FBA8-3EFD-4FF1-A1B4-899CEFE711DA}.Release|Any CPU.Build.0 = Release|Any CPU
		{7E334EB3-BD7D-4B39-9CD8-C82036F26C23}.Debug|Any CPU.ActiveCfg = Debug|Any CPU
		{7E334EB3-BD7D-4B39-9CD8-C82036F26C23}.Debug|Any CPU.Build.0 = Debug|Any CPU
		{7E334EB3-BD7D-4B39-9CD8-C82036F26C23}.Release|Any CPU.ActiveCfg = Release|Any CPU
		{7E334EB3-BD7D-4B39-9CD8-C82036F26C23}.Release|Any CPU.Build.0 = Release|Any CPU
		{D6D86563-2E5E-4FF7-BC98-108E2F183D12}.Debug|Any CPU.ActiveCfg = Debug|Any CPU
		{D6D86563-2E5E-4FF7-BC98-108E2F183D12}.Debug|Any CPU.Build.0 = Debug|Any CPU
		{D6D86563-2E5E-4FF7-BC98-108E2F183D12}.Release|Any CPU.ActiveCfg = Release|Any CPU
		{D6D86563-2E5E-4FF7-BC98-108E2F183D12}.Release|Any CPU.Build.0 = Release|Any CPU
		{F48472F4-1684-4AE0-BEE4-651CB09A8A44}.Debug|Any CPU.ActiveCfg = Debug|Any CPU
		{F48472F4-1684-4AE0-BEE4-651CB09A8A44}.Debug|Any CPU.Build.0 = Debug|Any CPU
		{F48472F4-1684-4AE0-BEE4-651CB09A8A44}.Release|Any CPU.ActiveCfg = Release|Any CPU
		{F48472F4-1684-4AE0-BEE4-651CB09A8A44}.Release|Any CPU.Build.0 = Release|Any CPU
		{1982370D-1516-4EBC-B1E2-55CF6D1B6F93}.Debug|Any CPU.ActiveCfg = Debug|Any CPU
		{1982370D-1516-4EBC-B1E2-55CF6D1B6F93}.Debug|Any CPU.Build.0 = Debug|Any CPU
		{1982370D-1516-4EBC-B1E2-55CF6D1B6F93}.Release|Any CPU.ActiveCfg = Release|Any CPU
		{1982370D-1516-4EBC-B1E2-55CF6D1B6F93}.Release|Any CPU.Build.0 = Release|Any CPU
	EndGlobalSection
	GlobalSection(NestedProjects) = preSolution
		{9BB11E9F-F968-45A9-ADB4-B92EEC74D598} = {57050CA5-53CA-4264-99F7-5AD39365B265}
		{7E334EB3-BD7D-4B39-9CD8-C82036F26C23} = {67B8B1D4-743B-43BA-9A41-2B7DE9DAF674}
		{93D5EBDB-BAE0-4933-B95F-34010D5F7468} = {67B8B1D4-743B-43BA-9A41-2B7DE9DAF674}
		{52B0FBA8-3EFD-4FF1-A1B4-899CEFE711DA} = {A8734C48-B22D-4C31-BCE1-E7C2A5BDD381}
		{A8C90D0E-4C3F-467B-9A2A-0846C17BDF33} = {A8734C48-B22D-4C31-BCE1-E7C2A5BDD381}
		{D6D86563-2E5E-4FF7-BC98-108E2F183D12} = {A8C90D0E-4C3F-467B-9A2A-0846C17BDF33}
		{F48472F4-1684-4AE0-BEE4-651CB09A8A44} = {5EAAB207-3B7E-4469-A58D-9543D165E516}
		{FC4A361E-FACD-483A-B5C3-4F7E043F12E8} = {A8734C48-B22D-4C31-BCE1-E7C2A5BDD381}
		{1982370D-1516-4EBC-B1E2-55CF6D1B6F93} = {FC4A361E-FACD-483A-B5C3-4F7E043F12E8}
	EndGlobalSection
EndGlobal
